
Microsoft Visual Studio Solution File, Format Version 12.00
# Visual Studio 15
Project("{FAE04EC0-301F-11D3-BF4B-00C04F79EFBC}") = "Assembly-CSharp", "Assembly-CSharp.csproj", "{A70F0B5A-8A85-78E9-38F0-122E42A51E46}"
EndProject
Project("{FAE04EC0-301F-11D3-BF4B-00C04F79EFBC}") = "Assembly-CSharp-Editor", "Assembly-CSharp-Editor.csproj", "{DDC9AFD9-B5B3-D080-C8E2-8D3BBC643097}"
EndProject
Global
	GlobalSection(SolutionConfigurationPlatforms) = preSolution
		Debug|Any CPU = Debug|Any CPU
		Release|Any CPU = Release|Any CPU
	EndGlobalSection
	GlobalSection(ProjectConfigurationPlatforms) = postSolution
		{A70F0B5A-8A85-78E9-38F0-122E42A51E46}.Debug|Any CPU.ActiveCfg = Debug|Any CPU
		{A70F0B5A-8A85-78E9-38F0-122E42A51E46}.Debug|Any CPU.Build.0 = Debug|Any CPU
		{A70F0B5A-8A85-78E9-38F0-122E42A51E46}.Release|Any CPU.ActiveCfg = Release|Any CPU
		{A70F0B5A-8A85-78E9-38F0-122E42A51E46}.Release|Any CPU.Build.0 = Release|Any CPU
		{DDC9AFD9-B5B3-D080-C8E2-8D3BBC643097}.Debug|Any CPU.ActiveCfg = Debug|Any CPU
		{DDC9AFD9-B5B3-D080-C8E2-8D3BBC643097}.Debug|Any CPU.Build.0 = Debug|Any CPU
		{DDC9AFD9-B5B3-D080-C8E2-8D3BBC643097}.Release|Any CPU.ActiveCfg = Release|Any CPU
		{DDC9AFD9-B5B3-D080-C8E2-8D3BBC643097}.Release|Any CPU.Build.0 = Release|Any CPU
	EndGlobalSection
	GlobalSection(SolutionProperties) = preSolution
		HideSolutionNode = FALSE
	EndGlobalSection
EndGlobal
